PODS:
  - AWSCore (2.33.5)
  - AWSPinpoint (2.33.5):
    - AWSCore (= 2.33.5)
  - GoogleMaps (7.1.0):
    - GoogleMaps/Maps (= 7.1.0)
  - GoogleMaps/Base (7.1.0)
  - GoogleMaps/Maps (7.1.0):
    - GoogleMaps/Base
  - MarqueeLabel (4.4.0)
  - PubNub (5.2.1):
    - PubNub/Core (= 5.2.1)
  - PubNub/Core (5.2.1)

DEPENDENCIES:
  - AWSPinpoint
  - GoogleMaps (= 7.1.0)
  - MarqueeLabel
  - PubNub

SPEC REPOS:
  https://github.com/CocoaPods/Specs.git:
    - AWSCore
    - AWSPinpoint
    - GoogleMaps
    - MarqueeLabel
    - PubNub

SPEC CHECKSUMS:
  AWSCore: 6d8aa46c210e37f15c10509437a9c8570f7290bd
  AWSPinpoint: 86e99df82096f9ee5eca59711f6628abc92aa415
  GoogleMaps: bc56ffb0324e345a2d91bac1a64a920f9c8f1b20
  MarqueeLabel: d2388949ac58d587303178d56a792ba8a001b037
  PubNub: 296489858a323a9b89124506ac4ed28cd01276b3

PODFILE CHECKSUM: d802d99242c1a28c6e69cf88a51ca84fe7215cc1

COCOAPODS: 1.14.3
