// !$*UTF8*$!
{
	archiveVersion = 1;
	classes = {
	};
	objectVersion = 46;
	objects = {

/* Begin PBXBuildFile section */
		7333C6D291F714851431A2E3 /* Pods.framework in Frameworks */ = {isa = PBXBuildFile; fileRef = 3E91D4B24A52C1C5D97BD0CF /* Pods.framework */; };
		E10356451C02A1CB006E8FEC /* applause2.mp3 in Resources */ = {isa = PBXBuildFile; fileRef = E10356441C02A1CB006E8FEC /* applause2.mp3 */; };
		E10356471C02A1EB006E8FEC /* applause3.mp3 in Resources */ = {isa = PBXBuildFile; fileRef = E10356461C02A1EB006E8FEC /* applause3.mp3 */; };
		E10B704A1C455C4F00C70283 /* UIApplication+topViewController.swift in Sources */ = {isa = PBXBuildFile; fileRef = E10B70491C455C4F00C70283 /* UIApplication+topViewController.swift */; };
		E10B704C1C4563E600C70283 /* UIAlertController+showMessage.swift in Sources */ = {isa = PBXBuildFile; fileRef = E10B704B1C4563E600C70283 /* UIAlertController+showMessage.swift */; };
		E10B704E1C45C09200C70283 /* LogSortField.swift in Sources */ = {isa = PBXBuildFile; fileRef = E10B704D1C45C09200C70283 /* LogSortField.swift */; };
		E10B70501C45C9BF00C70283 /* SortType.swift in Sources */ = {isa = PBXBuildFile; fileRef = E10B704F1C45C9BF00C70283 /* SortType.swift */; };
		E1103F231C00DADF00E18D2E /* click.mp3 in Resources */ = {isa = PBXBuildFile; fileRef = E1103F201C00DADF00E18D2E /* click.mp3 */; };
		E1103F241C00DADF00E18D2E /* gun.mp3 in Resources */ = {isa = PBXBuildFile; fileRef = E1103F211C00DADF00E18D2E /* gun.mp3 */; };
		E1103F251C00DADF00E18D2E /* applause1.mp3 in Resources */ = {isa = PBXBuildFile; fileRef = E1103F221C00DADF00E18D2E /* applause1.mp3 */; };
		E11655AC1AEAFB5200633C16 /* RunModel.swift in Sources */ = {isa = PBXBuildFile; fileRef = E11655AB1AEAFB5200633C16 /* RunModel.swift */; };
		E11E22BF1C08C71200488399 /* UnitType.swift in Sources */ = {isa = PBXBuildFile; fileRef = E11E22BE1C08C71200488399 /* UnitType.swift */; };
		E11E22C11C08C76E00488399 /* Accent.swift in Sources */ = {isa = PBXBuildFile; fileRef = E11E22C01C08C76E00488399 /* Accent.swift */; };
		E11E22C31C08CDC000488399 /* Config.swift in Sources */ = {isa = PBXBuildFile; fileRef = E11E22C21C08CDC000488399 /* Config.swift */; };
		E12847731C1763320053ED96 /* sadTrombone.mp3 in Resources */ = {isa = PBXBuildFile; fileRef = E12847721C1763320053ED96 /* sadTrombone.mp3 */; };
		E12E44F01C572F340065AE66 /* GraphVC.swift in Sources */ = {isa = PBXBuildFile; fileRef = E12E44EF1C572F340065AE66 /* GraphVC.swift */; };
		E12E44F21C58BAAB0065AE66 /* Overlay.swift in Sources */ = {isa = PBXBuildFile; fileRef = E12E44F11C58BAAB0065AE66 /* Overlay.swift */; };
		E13736F01C4F0F1E008CDE36 /* ShoesSortField.swift in Sources */ = {isa = PBXBuildFile; fileRef = E13736EF1C4F0F1E008CDE36 /* ShoesSortField.swift */; };
		E138E8CE1BA0A0FB00BA20E5 /* iSmoothRun.gpx in Resources */ = {isa = PBXBuildFile; fileRef = E138E8CD1BA0A0FB00BA20E5 /* iSmoothRun.gpx */; };
		E13B39931ABA705E007F61ED /* DarkSky.swift in Sources */ = {isa = PBXBuildFile; fileRef = E13B39921ABA705E007F61ED /* DarkSky.swift */; };
		E13B48B51B911BDA001C997A /* UiConstants.swift in Sources */ = {isa = PBXBuildFile; fileRef = E13B48B41B911BDA001C997A /* UiConstants.swift */; };
		E13B48B71B921A9F001C997A /* UiHelpers.swift in Sources */ = {isa = PBXBuildFile; fileRef = E13B48B61B921A9F001C997A /* UiHelpers.swift */; };
		E13C763F1C1A01520046021A /* Array+insertionIndexOf.swift in Sources */ = {isa = PBXBuildFile; fileRef = E13C763E1C1A01520046021A /* Array+insertionIndexOf.swift */; };
		E13E30571BFD28F1009CDE60 /* SoundManager.swift in Sources */ = {isa = PBXBuildFile; fileRef = E13E30561BFD28F1009CDE60 /* SoundManager.swift */; };
		E14360C31AE4AAA4003F27B4 /* GpxLocationManager.swift in Sources */ = {isa = PBXBuildFile; fileRef = E14360C11AE4AAA4003F27B4 /* GpxLocationManager.swift */; };
		E15195F81C0BD41A00BD52FB /* HumanWeight.swift in Sources */ = {isa = PBXBuildFile; fileRef = E15195F71C0BD41A00BD52FB /* HumanWeight.swift */; };
		E15681F91C52F007008E077C /* GpxExporter.swift in Sources */ = {isa = PBXBuildFile; fileRef = E15681F81C52F007008E077C /* GpxExporter.swift */; };
		E159C2541AAB8304007C6EA1 /* RaceRunner.xcdatamodeld in Sources */ = {isa = PBXBuildFile; fileRef = E159C2521AAB8304007C6EA1 /* RaceRunner.xcdatamodeld */; };
		E1648E0A1C4861EA002A3ED4 /* Run+CoreDataProperties.swift in Sources */ = {isa = PBXBuildFile; fileRef = E1648E091C4861EA002A3ED4 /* Run+CoreDataProperties.swift */; };
		E1648E0C1C4863E3002A3ED4 /* Shoes+CoreDataProperties.swift in Sources */ = {isa = PBXBuildFile; fileRef = E1648E0B1C4863E3002A3ED4 /* Shoes+CoreDataProperties.swift */; };
		E1648E0E1C486421002A3ED4 /* Shoes.swift in Sources */ = {isa = PBXBuildFile; fileRef = E1648E0D1C486421002A3ED4 /* Shoes.swift */; };
		E1648E101C4864E8002A3ED4 /* ShoesBrowserVC.swift in Sources */ = {isa = PBXBuildFile; fileRef = E1648E0F1C4864E8002A3ED4 /* ShoesBrowserVC.swift */; };
		E1648E121C487449002A3ED4 /* ShoesCell.swift in Sources */ = {isa = PBXBuildFile; fileRef = E1648E111C487449002A3ED4 /* ShoesCell.swift */; };
		E1648E141C4975ED002A3ED4 /* ShoesEditorVC.swift in Sources */ = {isa = PBXBuildFile; fileRef = E1648E131C4975ED002A3ED4 /* ShoesEditorVC.swift */; };
		E1648E181C497997002A3ED4 /* ShoesDelegate.swift in Sources */ = {isa = PBXBuildFile; fileRef = E1648E171C497997002A3ED4 /* ShoesDelegate.swift */; };
		E16F35761B8EBC4100C88426 /* UIViewController+noOp.swift in Sources */ = {isa = PBXBuildFile; fileRef = E16F35751B8EBC4100C88426 /* UIViewController+noOp.swift */; };
		E17B11571C67C97E0027945F /* RaceRunner.gpx in Resources */ = {isa = PBXBuildFile; fileRef = E17B11561C67C97E0027945F /* RaceRunner.gpx */; };
		E1804DB61ABBA0D300625188 /* RunDetailsVC.swift in Sources */ = {isa = PBXBuildFile; fileRef = E1804DB51ABBA0D300625188 /* RunDetailsVC.swift */; };
		E185F8531AE1CB19008BF394 /* RunnerIcons.swift in Sources */ = {isa = PBXBuildFile; fileRef = E185F8521AE1CB19008BF394 /* RunnerIcons.swift */; };
		E18B6C811C0D1AEC005865BA /* GpxActivityItemProvider.swift in Sources */ = {isa = PBXBuildFile; fileRef = E18B6C801C0D1AEC005865BA /* GpxActivityItemProvider.swift */; };
		E18C164E1C7697040013690E /* run-9.gpx in Resources */ = {isa = PBXBuildFile; fileRef = E18C164D1C7697040013690E /* run-9.gpx */; };
		E1A41B4E1BF7D83100E31943 /* PubNubManager.swift in Sources */ = {isa = PBXBuildFile; fileRef = E1A41B4D1BF7D83100E31943 /* PubNubManager.swift */; };
		E1B45F071AE96EFC00AF73AB /* LocationManager.swift in Sources */ = {isa = PBXBuildFile; fileRef = E1B45F061AE96EFC00AF73AB /* LocationManager.swift */; };
		E1C22BCC1AF05DA1003A5712 /* MarqueeLabel.m in Sources */ = {isa = PBXBuildFile; fileRef = E1C22BCA1AF05DA1003A5712 /* MarqueeLabel.m */; };
		E1C2ED501AB63BE200A29728 /* LogCell.swift in Sources */ = {isa = PBXBuildFile; fileRef = E1C2ED4F1AB63BE200A29728 /* LogCell.swift */; };
		E1CBD2D71AC4D616006F0B85 /* SettingsManager.swift in Sources */ = {isa = PBXBuildFile; fileRef = E1CBD2D61AC4D616006F0B85 /* SettingsManager.swift */; };
		E1D38F491B9E6AFE00380643 /* Runmeter.gpx in Resources */ = {isa = PBXBuildFile; fileRef = E1D38F481B9E6AFE00380643 /* Runmeter.gpx */; };
		E1D521681ABA93CD00B46300 /* Location.swift in Sources */ = {isa = PBXBuildFile; fileRef = E1D521661ABA93CD00B46300 /* Location.swift */; };
		E1D521691ABA93CD00B46300 /* Run.swift in Sources */ = {isa = PBXBuildFile; fileRef = E1D521671ABA93CD00B46300 /* Run.swift */; };
		E1D529CD1C1C80A500E92AD8 /* PersistentMapState.swift in Sources */ = {isa = PBXBuildFile; fileRef = E1D529CC1C1C80A500E92AD8 /* PersistentMapState.swift */; };
		E1D5A01C1AC5170F008A3806 /* AVFoundation.framework in Frameworks */ = {isa = PBXBuildFile; fileRef = E1D5A01B1AC5170E008A3806 /* AVFoundation.framework */; };
		E1DA7D6D1B9B8BA2006BC362 /* GpxParser.swift in Sources */ = {isa = PBXBuildFile; fileRef = E1DA7D6C1B9B8BA2006BC362 /* GpxParser.swift */; };
		E1DBA6CE1C1F676800DE3E4F /* ImportVC.swift in Sources */ = {isa = PBXBuildFile; fileRef = E1DBA6CD1C1F676800DE3E4F /* ImportVC.swift */; };
		E1DBA6D01C1F8EE900DE3E4F /* iSmoothRun2.gpx in Resources */ = {isa = PBXBuildFile; fileRef = E1DBA6CF1C1F8EE900DE3E4F /* iSmoothRun2.gpx */; };
		E1DBA6D21C1FB6C900DE3E4F /* Runtastic.gpx in Resources */ = {isa = PBXBuildFile; fileRef = E1DBA6D11C1FB6C900DE3E4F /* Runtastic.gpx */; };
		E1DBA6D41C1FBA9200DE3E4F /* WeatherRun.gpx in Resources */ = {isa = PBXBuildFile; fileRef = E1DBA6D31C1FBA9200DE3E4F /* WeatherRun.gpx */; };
		E1DBA6D61C1FBCE800DE3E4F /* Digifit.gpx in Resources */ = {isa = PBXBuildFile; fileRef = E1DBA6D51C1FBCE800DE3E4F /* Digifit.gpx */; };
		E1DBA6D81C1FBF0300DE3E4F /* WahooFitness.gpx in Resources */ = {isa = PBXBuildFile; fileRef = E1DBA6D71C1FBF0300DE3E4F /* WahooFitness.gpx */; };
		E1DBA6DA1C1FC0AB00DE3E4F /* Strava.gpx in Resources */ = {isa = PBXBuildFile; fileRef = E1DBA6D91C1FC0AB00DE3E4F /* Strava.gpx */; };
		E1E027831B9A34FE00700DE1 /* Runkeeper.gpx in Resources */ = {isa = PBXBuildFile; fileRef = E1E027821B9A34FE00700DE1 /* Runkeeper.gpx */; };
		E1E7F7D61C03F8E500F108B6 /* Double+roundToPlaces.swift in Sources */ = {isa = PBXBuildFile; fileRef = E1E7F7D51C03F8E500F108B6 /* Double+roundToPlaces.swift */; };
		E1E8B9241AAB73F000D04E38 /* AppDelegate.swift in Sources */ = {isa = PBXBuildFile; fileRef = E1E8B9231AAB73F000D04E38 /* AppDelegate.swift */; };
		E1E8B9291AAB73F000D04E38 /* Main.storyboard in Resources */ = {isa = PBXBuildFile; fileRef = E1E8B9271AAB73F000D04E38 /* Main.storyboard */; };
		E1E8B92B1AAB73F000D04E38 /* Images.xcassets in Resources */ = {isa = PBXBuildFile; fileRef = E1E8B92A1AAB73F000D04E38 /* Images.xcassets */; };
		E1E8B92E1AAB73F000D04E38 /* LaunchScreen.xib in Resources */ = {isa = PBXBuildFile; fileRef = E1E8B92C1AAB73F000D04E38 /* LaunchScreen.xib */; };
		E1E8B94E1AAB742E00D04E38 /* MenuVC.swift in Sources */ = {isa = PBXBuildFile; fileRef = E1E8B9431AAB742E00D04E38 /* MenuVC.swift */; };
		E1E8B9501AAB742E00D04E38 /* CDManager.swift in Sources */ = {isa = PBXBuildFile; fileRef = E1E8B9451AAB742E00D04E38 /* CDManager.swift */; };
		E1E8B9511AAB742E00D04E38 /* PanSegue.swift in Sources */ = {isa = PBXBuildFile; fileRef = E1E8B9461AAB742E00D04E38 /* PanSegue.swift */; };
		E1E8B9521AAB742E00D04E38 /* ChildVC.swift in Sources */ = {isa = PBXBuildFile; fileRef = E1E8B9471AAB742E00D04E38 /* ChildVC.swift */; };
		E1E8B9531AAB742E00D04E38 /* HelpVC.swift in Sources */ = {isa = PBXBuildFile; fileRef = E1E8B9481AAB742E00D04E38 /* HelpVC.swift */; };
		E1E8B9541AAB742E00D04E38 /* LogVC.swift in Sources */ = {isa = PBXBuildFile; fileRef = E1E8B9491AAB742E00D04E38 /* LogVC.swift */; };
		E1E8B9551AAB742E00D04E38 /* RunVC.swift in Sources */ = {isa = PBXBuildFile; fileRef = E1E8B94A1AAB742E00D04E38 /* RunVC.swift */; };
		E1E8B9561AAB742E00D04E38 /* SettingsVC.swift in Sources */ = {isa = PBXBuildFile; fileRef = E1E8B94B1AAB742E00D04E38 /* SettingsVC.swift */; };
		E1E8B9571AAB742E00D04E38 /* SpectateVC.swift in Sources */ = {isa = PBXBuildFile; fileRef = E1E8B94C1AAB742E00D04E38 /* SpectateVC.swift */; };
		E1E8B9581AAB742E00D04E38 /* UnwindPanSegue.swift in Sources */ = {isa = PBXBuildFile; fileRef = E1E8B94D1AAB742E00D04E38 /* UnwindPanSegue.swift */; };
		E1F354031C7124F500D6C581 /* Products.swift in Sources */ = {isa = PBXBuildFile; fileRef = E1F354021C7124F500D6C581 /* Products.swift */; };
		E1F354051C7125FC00D6C581 /* IapHelper.swift in Sources */ = {isa = PBXBuildFile; fileRef = E1F354041C7125FC00D6C581 /* IapHelper.swift */; };
		E1F3FC2F1C6106F7001B2DE7 /* GraphView.swift in Sources */ = {isa = PBXBuildFile; fileRef = E1F3FC2E1C6106F7001B2DE7 /* GraphView.swift */; };
		E1FCB00E1AB8F43100B1D803 /* Converter.swift in Sources */ = {isa = PBXBuildFile; fileRef = E1FCB00D1AB8F43100B1D803 /* Converter.swift */; };
/* End PBXBuildFile section */

/* Begin PBXFileReference section */
		1E75B6B8819120E7009CF8E0 /* Pods.release.xcconfig */ = {isa = PBXFileReference; includeInIndex = 1; lastKnownFileType = text.xcconfig; name = Pods.release.xcconfig; path = "Pods/Target Support Files/Pods/Pods.release.xcconfig"; sourceTree = "<group>"; };
		3E91D4B24A52C1C5D97BD0CF /* Pods.framework */ = {isa = PBXFileReference; explicitFileType = wrapper.framework; includeInIndex = 0; path = Pods.framework; sourceTree = BUILT_PRODUCTS_DIR; };
		6BAE29B09F03FADB483809E0 /* SuggestedColors.plist */ = {isa = PBXFileReference; fileEncoding = 4; lastKnownFileType = text.plist.xml; path = SuggestedColors.plist; sourceTree = "<group>"; };
		B007871155F27C6F21413ECF /* Pods.debug.xcconfig */ = {isa = PBXFileReference; includeInIndex = 1; lastKnownFileType = text.xcconfig; name = Pods.debug.xcconfig; path = "Pods/Target Support Files/Pods/Pods.debug.xcconfig"; sourceTree = "<group>"; };
		E10356441C02A1CB006E8FEC /* applause2.mp3 */ = {isa = PBXFileReference; lastKnownFileType = audio.mp3; path = applause2.mp3; sourceTree = "<group>"; };
		E10356461C02A1EB006E8FEC /* applause3.mp3 */ = {isa = PBXFileReference; lastKnownFileType = audio.mp3; path = applause3.mp3; sourceTree = "<group>"; };
		E10B70491C455C4F00C70283 /* UIApplication+topViewController.swift */ = {isa = PBXFileReference; fileEncoding = 4; lastKnownFileType = sourcecode.swift; path = "UIApplication+topViewController.swift"; sourceTree = "<group>"; };
		E10B704B1C4563E600C70283 /* UIAlertController+showMessage.swift */ = {isa = PBXFileReference; fileEncoding = 4; lastKnownFileType = sourcecode.swift; path = "UIAlertController+showMessage.swift"; sourceTree = "<group>"; };
		E10B704D1C45C09200C70283 /* LogSortField.swift */ = {isa = PBXFileReference; fileEncoding = 4; lastKnownFileType = sourcecode.swift; path = LogSortField.swift; sourceTree = "<group>"; };
		E10B704F1C45C9BF00C70283 /* SortType.swift */ = {isa = PBXFileReference; fileEncoding = 4; lastKnownFileType = sourcecode.swift; path = SortType.swift; sourceTree = "<group>"; };
		E1103F201C00DADF00E18D2E /* click.mp3 */ = {isa = PBXFileReference; lastKnownFileType = audio.mp3; path = click.mp3; sourceTree = "<group>"; };
		E1103F211C00DADF00E18D2E /* gun.mp3 */ = {isa = PBXFileReference; lastKnownFileType = audio.mp3; path = gun.mp3; sourceTree = "<group>"; };
		E1103F221C00DADF00E18D2E /* applause1.mp3 */ = {isa = PBXFileReference; lastKnownFileType = audio.mp3; path = applause1.mp3; sourceTree = "<group>"; };
		E11655AB1AEAFB5200633C16 /* RunModel.swift */ = {isa = PBXFileReference; fileEncoding = 4; lastKnownFileType = sourcecode.swift; path = RunModel.swift; sourceTree = "<group>"; };
		E11E22BE1C08C71200488399 /* UnitType.swift */ = {isa = PBXFileReference; fileEncoding = 4; lastKnownFileType = sourcecode.swift; path = UnitType.swift; sourceTree = "<group>"; };
		E11E22C01C08C76E00488399 /* Accent.swift */ = {isa = PBXFileReference; fileEncoding = 4; lastKnownFileType = sourcecode.swift; path = Accent.swift; sourceTree = "<group>"; };
		E11E22C21C08CDC000488399 /* Config.swift */ = {isa = PBXFileReference; fileEncoding = 4; lastKnownFileType = sourcecode.swift; path = Config.swift; sourceTree = "<group>"; };
		E12847721C1763320053ED96 /* sadTrombone.mp3 */ = {isa = PBXFileReference; lastKnownFileType = audio.mp3; path = sadTrombone.mp3; sourceTree = "<group>"; };
		E12E44EF1C572F340065AE66 /* GraphVC.swift */ = {isa = PBXFileReference; fileEncoding = 4; lastKnownFileType = sourcecode.swift; path = GraphVC.swift; sourceTree = "<group>"; };
		E12E44F11C58BAAB0065AE66 /* Overlay.swift */ = {isa = PBXFileReference; fileEncoding = 4; lastKnownFileType = sourcecode.swift; path = Overlay.swift; sourceTree = "<group>"; };
		E13736EF1C4F0F1E008CDE36 /* ShoesSortField.swift */ = {isa = PBXFileReference; fileEncoding = 4; lastKnownFileType = sourcecode.swift; path = ShoesSortField.swift; sourceTree = "<group>"; };
		E138E8CD1BA0A0FB00BA20E5 /* iSmoothRun.gpx */ = {isa = PBXFileReference; fileEncoding = 4; lastKnownFileType = text.xml; path = iSmoothRun.gpx; sourceTree = "<group>"; };
		E13B39921ABA705E007F61ED /* DarkSky.swift */ = {isa = PBXFileReference; fileEncoding = 4; lastKnownFileType = sourcecode.swift; path = DarkSky.swift; sourceTree = "<group>"; };
		E13B48B41B911BDA001C997A /* UiConstants.swift */ = {isa = PBXFileReference; fileEncoding = 4; lastKnownFileType = sourcecode.swift; path = UiConstants.swift; sourceTree = "<group>"; };
		E13B48B61B921A9F001C997A /* UiHelpers.swift */ = {isa = PBXFileReference; fileEncoding = 4; lastKnownFileType = sourcecode.swift; path = UiHelpers.swift; sourceTree = "<group>"; };
		E13C763E1C1A01520046021A /* Array+insertionIndexOf.swift */ = {isa = PBXFileReference; fileEncoding = 4; lastKnownFileType = sourcecode.swift; path = "Array+insertionIndexOf.swift"; sourceTree = "<group>"; };
		E13E30561BFD28F1009CDE60 /* SoundManager.swift */ = {isa = PBXFileReference; fileEncoding = 4; lastKnownFileType = sourcecode.swift; path = SoundManager.swift; sourceTree = "<group>"; };
		E14360C11AE4AAA4003F27B4 /* GpxLocationManager.swift */ = {isa = PBXFileReference; fileEncoding = 4; lastKnownFileType = sourcecode.swift; path = GpxLocationManager.swift; sourceTree = "<group>"; };
		E15195F71C0BD41A00BD52FB /* HumanWeight.swift */ = {isa = PBXFileReference; fileEncoding = 4; lastKnownFileType = sourcecode.swift; path = HumanWeight.swift; sourceTree = "<group>"; };
		E15681F81C52F007008E077C /* GpxExporter.swift */ = {isa = PBXFileReference; fileEncoding = 4; lastKnownFileType = sourcecode.swift; path = GpxExporter.swift; sourceTree = "<group>"; };
		E159C2531AAB8304007C6EA1 /* RaceRunner.xcdatamodel */ = {isa = PBXFileReference; lastKnownFileType = wrapper.xcdatamodel; path = RaceRunner.xcdatamodel; sourceTree = "<group>"; };
		E1648E091C4861EA002A3ED4 /* Run+CoreDataProperties.swift */ = {isa = PBXFileReference; fileEncoding = 4; lastKnownFileType = sourcecode.swift; path = "Run+CoreDataProperties.swift"; sourceTree = "<group>"; };
		E1648E0B1C4863E3002A3ED4 /* Shoes+CoreDataProperties.swift */ = {isa = PBXFileReference; fileEncoding = 4; lastKnownFileType = sourcecode.swift; path = "Shoes+CoreDataProperties.swift"; sourceTree = "<group>"; };
		E1648E0D1C486421002A3ED4 /* Shoes.swift */ = {isa = PBXFileReference; fileEncoding = 4; lastKnownFileType = sourcecode.swift; path = Shoes.swift; sourceTree = "<group>"; };
		E1648E0F1C4864E8002A3ED4 /* ShoesBrowserVC.swift */ = {isa = PBXFileReference; fileEncoding = 4; lastKnownFileType = sourcecode.swift; path = ShoesBrowserVC.swift; sourceTree = "<group>"; };
		E1648E111C487449002A3ED4 /* ShoesCell.swift */ = {isa = PBXFileReference; fileEncoding = 4; lastKnownFileType = sourcecode.swift; path = ShoesCell.swift; sourceTree = "<group>"; };
		E1648E131C4975ED002A3ED4 /* ShoesEditorVC.swift */ = {isa = PBXFileReference; fileEncoding = 4; lastKnownFileType = sourcecode.swift; path = ShoesEditorVC.swift; sourceTree = "<group>"; };
		E1648E171C497997002A3ED4 /* ShoesDelegate.swift */ = {isa = PBXFileReference; fileEncoding = 4; lastKnownFileType = sourcecode.swift; path = ShoesDelegate.swift; sourceTree = "<group>"; };
		E16F35751B8EBC4100C88426 /* UIViewController+noOp.swift */ = {isa = PBXFileReference; fileEncoding = 4; lastKnownFileType = sourcecode.swift; path = "UIViewController+noOp.swift"; sourceTree = "<group>"; };
		E17B11561C67C97E0027945F /* RaceRunner.gpx */ = {isa = PBXFileReference; fileEncoding = 4; lastKnownFileType = text.xml; path = RaceRunner.gpx; sourceTree = "<group>"; };
		E1804DB51ABBA0D300625188 /* RunDetailsVC.swift */ = {isa = PBXFileReference; fileEncoding = 4; lastKnownFileType = sourcecode.swift; path = RunDetailsVC.swift; sourceTree = "<group>"; };
		E185F8521AE1CB19008BF394 /* RunnerIcons.swift */ = {isa = PBXFileReference; fileEncoding = 4; lastKnownFileType = sourcecode.swift; path = RunnerIcons.swift; sourceTree = "<group>"; };
		E18B6C801C0D1AEC005865BA /* GpxActivityItemProvider.swift */ = {isa = PBXFileReference; fileEncoding = 4; lastKnownFileType = sourcecode.swift; path = GpxActivityItemProvider.swift; sourceTree = "<group>"; };
		E18C164D1C7697040013690E /* run-9.gpx */ = {isa = PBXFileReference; fileEncoding = 4; lastKnownFileType = text.xml; path = "run-9.gpx"; sourceTree = "<group>"; };
		E1A41B4D1BF7D83100E31943 /* PubNubManager.swift */ = {isa = PBXFileReference; fileEncoding = 4; lastKnownFileType = sourcecode.swift; path = PubNubManager.swift; sourceTree = "<group>"; };
		E1B45F061AE96EFC00AF73AB /* LocationManager.swift */ = {isa = PBXFileReference; fileEncoding = 4; lastKnownFileType = sourcecode.swift; path = LocationManager.swift; sourceTree = "<group>"; };
		E1C22BC71AF05D39003A5712 /* RaceRunner-Bridging-Header.h */ = {isa = PBXFileReference; lastKnownFileType = sourcecode.c.h; path = "RaceRunner-Bridging-Header.h"; sourceTree = "<group>"; };
		E1C22BCA1AF05DA1003A5712 /* MarqueeLabel.m */ = {isa = PBXFileReference; fileEncoding = 4; lastKnownFileType = sourcecode.c.objc; path = MarqueeLabel.m; sourceTree = "<group>"; };
		E1C22BCB1AF05DA1003A5712 /* MarqueeLabel.h */ = {isa = PBXFileReference; fileEncoding = 4; lastKnownFileType = sourcecode.c.h; path = MarqueeLabel.h; sourceTree = "<group>"; };
		E1C2ED4F1AB63BE200A29728 /* LogCell.swift */ = {isa = PBXFileReference; fileEncoding = 4; lastKnownFileType = sourcecode.swift; path = LogCell.swift; sourceTree = "<group>"; };
		E1CBD2D61AC4D616006F0B85 /* SettingsManager.swift */ = {isa = PBXFileReference; fileEncoding = 4; lastKnownFileType = sourcecode.swift; path = SettingsManager.swift; sourceTree = "<group>"; };
		E1D38F481B9E6AFE00380643 /* Runmeter.gpx */ = {isa = PBXFileReference; fileEncoding = 4; lastKnownFileType = text.xml; path = Runmeter.gpx; sourceTree = "<group>"; };
		E1D521661ABA93CD00B46300 /* Location.swift */ = {isa = PBXFileReference; fileEncoding = 4; lastKnownFileType = sourcecode.swift; path = Location.swift; sourceTree = "<group>"; };
		E1D521671ABA93CD00B46300 /* Run.swift */ = {isa = PBXFileReference; fileEncoding = 4; lastKnownFileType = sourcecode.swift; path = Run.swift; sourceTree = "<group>"; };
		E1D529CC1C1C80A500E92AD8 /* PersistentMapState.swift */ = {isa = PBXFileReference; fileEncoding = 4; lastKnownFileType = sourcecode.swift; path = PersistentMapState.swift; sourceTree = "<group>"; };
		E1D5A01B1AC5170E008A3806 /* AVFoundation.framework */ = {isa = PBXFileReference; lastKnownFileType = wrapper.framework; name = AVFoundation.framework; path = System/Library/Frameworks/AVFoundation.framework; sourceTree = SDKROOT; };
		E1DA7D6C1B9B8BA2006BC362 /* GpxParser.swift */ = {isa = PBXFileReference; fileEncoding = 4; lastKnownFileType = sourcecode.swift; path = GpxParser.swift; sourceTree = "<group>"; };
		E1DBA6CD1C1F676800DE3E4F /* ImportVC.swift */ = {isa = PBXFileReference; fileEncoding = 4; lastKnownFileType = sourcecode.swift; path = ImportVC.swift; sourceTree = "<group>"; };
		E1DBA6CF1C1F8EE900DE3E4F /* iSmoothRun2.gpx */ = {isa = PBXFileReference; fileEncoding = 4; lastKnownFileType = text.xml; path = iSmoothRun2.gpx; sourceTree = "<group>"; };
		E1DBA6D11C1FB6C900DE3E4F /* Runtastic.gpx */ = {isa = PBXFileReference; fileEncoding = 4; lastKnownFileType = text.xml; path = Runtastic.gpx; sourceTree = "<group>"; };
		E1DBA6D31C1FBA9200DE3E4F /* WeatherRun.gpx */ = {isa = PBXFileReference; fileEncoding = 4; lastKnownFileType = text.xml; path = WeatherRun.gpx; sourceTree = "<group>"; };
		E1DBA6D51C1FBCE800DE3E4F /* Digifit.gpx */ = {isa = PBXFileReference; fileEncoding = 4; lastKnownFileType = text; path = Digifit.gpx; sourceTree = "<group>"; };
		E1DBA6D71C1FBF0300DE3E4F /* WahooFitness.gpx */ = {isa = PBXFileReference; fileEncoding = 4; lastKnownFileType = text.xml; path = WahooFitness.gpx; sourceTree = "<group>"; };
		E1DBA6D91C1FC0AB00DE3E4F /* Strava.gpx */ = {isa = PBXFileReference; fileEncoding = 4; lastKnownFileType = text.xml; path = Strava.gpx; sourceTree = "<group>"; };
		E1E027821B9A34FE00700DE1 /* Runkeeper.gpx */ = {isa = PBXFileReference; fileEncoding = 4; lastKnownFileType = text.xml; path = Runkeeper.gpx; sourceTree = "<group>"; };
		E1E7F7D51C03F8E500F108B6 /* Double+roundToPlaces.swift */ = {isa = PBXFileReference; fileEncoding = 4; lastKnownFileType = sourcecode.swift; path = "Double+roundToPlaces.swift"; sourceTree = "<group>"; };
		E1E8B91E1AAB73F000D04E38 /* RaceRunner.app */ = {isa = PBXFileReference; explicitFileType = wrapper.application; includeInIndex = 0; path = RaceRunner.app; sourceTree = BUILT_PRODUCTS_DIR; };
		E1E8B9221AAB73F000D04E38 /* Info.plist */ = {isa = PBXFileReference; lastKnownFileType = text.plist.xml; path = Info.plist; sourceTree = "<group>"; };
		E1E8B9231AAB73F000D04E38 /* AppDelegate.swift */ = {isa = PBXFileReference; lastKnownFileType = sourcecode.swift; path = AppDelegate.swift; sourceTree = "<group>"; };
		E1E8B9281AAB73F000D04E38 /* Base */ = {isa = PBXFileReference; lastKnownFileType = file.storyboard; name = Base; path = Base.lproj/Main.storyboard; sourceTree = "<group>"; };
		E1E8B92A1AAB73F000D04E38 /* Images.xcassets */ = {isa = PBXFileReference; lastKnownFileType = folder.assetcatalog; path = Images.xcassets; sourceTree = "<group>"; };
		E1E8B92D1AAB73F000D04E38 /* Base */ = {isa = PBXFileReference; lastKnownFileType = file.xib; name = Base; path = Base.lproj/LaunchScreen.xib; sourceTree = "<group>"; };
		E1E8B9431AAB742E00D04E38 /* MenuVC.swift */ = {isa = PBXFileReference; fileEncoding = 4; lastKnownFileType = sourcecode.swift; path = MenuVC.swift; sourceTree = "<group>"; };
		E1E8B9451AAB742E00D04E38 /* CDManager.swift */ = {isa = PBXFileReference; fileEncoding = 4; lastKnownFileType = sourcecode.swift; path = CDManager.swift; sourceTree = "<group>"; };
		E1E8B9461AAB742E00D04E38 /* PanSegue.swift */ = {isa = PBXFileReference; fileEncoding = 4; lastKnownFileType = sourcecode.swift; path = PanSegue.swift; sourceTree = "<group>"; };
		E1E8B9471AAB742E00D04E38 /* ChildVC.swift */ = {isa = PBXFileReference; fileEncoding = 4; lastKnownFileType = sourcecode.swift; path = ChildVC.swift; sourceTree = "<group>"; };
		E1E8B9481AAB742E00D04E38 /* HelpVC.swift */ = {isa = PBXFileReference; fileEncoding = 4; lastKnownFileType = sourcecode.swift; path = HelpVC.swift; sourceTree = "<group>"; };
		E1E8B9491AAB742E00D04E38 /* LogVC.swift */ = {isa = PBXFileReference; fileEncoding = 4; lastKnownFileType = sourcecode.swift; path = LogVC.swift; sourceTree = "<group>"; };
		E1E8B94A1AAB742E00D04E38 /* RunVC.swift */ = {isa = PBXFileReference; fileEncoding = 4; lastKnownFileType = sourcecode.swift; path = RunVC.swift; sourceTree = "<group>"; };
		E1E8B94B1AAB742E00D04E38 /* SettingsVC.swift */ = {isa = PBXFileReference; fileEncoding = 4; lastKnownFileType = sourcecode.swift; path = SettingsVC.swift; sourceTree = "<group>"; };
		E1E8B94C1AAB742E00D04E38 /* SpectateVC.swift */ = {isa = PBXFileReference; fileEncoding = 4; lastKnownFileType = sourcecode.swift; path = SpectateVC.swift; sourceTree = "<group>"; };
		E1E8B94D1AAB742E00D04E38 /* UnwindPanSegue.swift */ = {isa = PBXFileReference; fileEncoding = 4; lastKnownFileType = sourcecode.swift; path = UnwindPanSegue.swift; sourceTree = "<group>"; };
		E1F354021C7124F500D6C581 /* Products.swift */ = {isa = PBXFileReference; fileEncoding = 4; lastKnownFileType = sourcecode.swift; path = Products.swift; sourceTree = "<group>"; };
		E1F354041C7125FC00D6C581 /* IapHelper.swift */ = {isa = PBXFileReference; fileEncoding = 4; lastKnownFileType = sourcecode.swift; path = IapHelper.swift; sourceTree = "<group>"; };
		E1F3FC2E1C6106F7001B2DE7 /* GraphView.swift */ = {isa = PBXFileReference; fileEncoding = 4; lastKnownFileType = sourcecode.swift; path = GraphView.swift; sourceTree = "<group>"; };
		E1FCB00D1AB8F43100B1D803 /* Converter.swift */ = {isa = PBXFileReference; fileEncoding = 4; lastKnownFileType = sourcecode.swift; path = Converter.swift; sourceTree = "<group>"; };
/* End PBXFileReference section */

/* Begin PBXFrameworksBuildPhase section */
		E1E8B91B1AAB73F000D04E38 /* Frameworks */ = {
			isa = PBXFrameworksBuildPhase;
			buildActionMask = 2147483647;
			files = (
				E1D5A01C1AC5170F008A3806 /* AVFoundation.framework in Frameworks */,
				7333C6D291F714851431A2E3 /* Pods.framework in Frameworks */,
			);
			runOnlyForDeploymentPostprocessing = 0;
		};
/* End PBXFrameworksBuildPhase section */

/* Begin PBXGroup section */
		4BF0F840305CCC95E1CE5907 /* Frameworks */ = {
			isa = PBXGroup;
			children = (
				E1D5A01B1AC5170E008A3806 /* AVFoundation.framework */,
				3E91D4B24A52C1C5D97BD0CF /* Pods.framework */,
			);
			name = Frameworks;
			sourceTree = "<group>";
		};
		816917CFC733A377F94FFA5A /* Pods */ = {
			isa = PBXGroup;
			children = (
				B007871155F27C6F21413ECF /* Pods.debug.xcconfig */,
				1E75B6B8819120E7009CF8E0 /* Pods.release.xcconfig */,
			);
			name = Pods;
			sourceTree = "<group>";
		};
		E1103F261C00DB0D00E18D2E /* Sounds */ = {
			isa = PBXGroup;
			children = (
				E1103F221C00DADF00E18D2E /* applause1.mp3 */,
				E10356461C02A1EB006E8FEC /* applause3.mp3 */,
				E10356441C02A1CB006E8FEC /* applause2.mp3 */,
				E1103F201C00DADF00E18D2E /* click.mp3 */,
				E1103F211C00DADF00E18D2E /* gun.mp3 */,
				E12847721C1763320053ED96 /* sadTrombone.mp3 */,
			);
			name = Sounds;
			sourceTree = "<group>";
		};
		E1103F271C00DB1D00E18D2E /* GPX */ = {
			isa = PBXGroup;
			children = (
				E18C164D1C7697040013690E /* run-9.gpx */,
				E17B11561C67C97E0027945F /* RaceRunner.gpx */,
				E1DBA6D11C1FB6C900DE3E4F /* Runtastic.gpx */,
				E1DBA6D51C1FBCE800DE3E4F /* Digifit.gpx */,
				E138E8CD1BA0A0FB00BA20E5 /* iSmoothRun.gpx */,
				E1DBA6CF1C1F8EE900DE3E4F /* iSmoothRun2.gpx */,
				E1DBA6D31C1FBA9200DE3E4F /* WeatherRun.gpx */,
				E1E027821B9A34FE00700DE1 /* Runkeeper.gpx */,
				E1D38F481B9E6AFE00380643 /* Runmeter.gpx */,
				E1DBA6D91C1FC0AB00DE3E4F /* Strava.gpx */,
				E1DBA6D71C1FBF0300DE3E4F /* WahooFitness.gpx */,
			);
			name = GPX;
			sourceTree = "<group>";
		};
		E159C2591AAB84A7007C6EA1 /* CoreData */ = {
			isa = PBXGroup;
			children = (
				E1648E0D1C486421002A3ED4 /* Shoes.swift */,
				E1648E0B1C4863E3002A3ED4 /* Shoes+CoreDataProperties.swift */,
				E1D521661ABA93CD00B46300 /* Location.swift */,
				E1D521671ABA93CD00B46300 /* Run.swift */,
				E1648E091C4861EA002A3ED4 /* Run+CoreDataProperties.swift */,
				E159C2521AAB8304007C6EA1 /* RaceRunner.xcdatamodeld */,
			);
			name = CoreData;
			sourceTree = "<group>";
		};
		E1E8B9151AAB73F000D04E38 = {
			isa = PBXGroup;
			children = (
				E1E8B9201AAB73F000D04E38 /* RaceRunner */,
				E1E8B91F1AAB73F000D04E38 /* Products */,
				816917CFC733A377F94FFA5A /* Pods */,
				4BF0F840305CCC95E1CE5907 /* Frameworks */,
			);
			sourceTree = "<group>";
		};
		E1E8B91F1AAB73F000D04E38 /* Products */ = {
			isa = PBXGroup;
			children = (
				E1E8B91E1AAB73F000D04E38 /* RaceRunner.app */,
			);
			name = Products;
			sourceTree = "<group>";
		};
		E1E8B9201AAB73F000D04E38 /* RaceRunner */ = {
			isa = PBXGroup;
			children = (
				E11E22C01C08C76E00488399 /* Accent.swift */,
				E1E8B9231AAB73F000D04E38 /* AppDelegate.swift */,
				E13C763E1C1A01520046021A /* Array+insertionIndexOf.swift */,
				E1E8B9451AAB742E00D04E38 /* CDManager.swift */,
				E1E8B9471AAB742E00D04E38 /* ChildVC.swift */,
				E11E22C21C08CDC000488399 /* Config.swift */,
				E1FCB00D1AB8F43100B1D803 /* Converter.swift */,
				E13B39921ABA705E007F61ED /* DarkSky.swift */,
				E1E7F7D51C03F8E500F108B6 /* Double+roundToPlaces.swift */,
				E18B6C801C0D1AEC005865BA /* GpxActivityItemProvider.swift */,
				E15681F81C52F007008E077C /* GpxExporter.swift */,
				E14360C11AE4AAA4003F27B4 /* GpxLocationManager.swift */,
				E1DA7D6C1B9B8BA2006BC362 /* GpxParser.swift */,
				E1F3FC2E1C6106F7001B2DE7 /* GraphView.swift */,
				E12E44EF1C572F340065AE66 /* GraphVC.swift */,
				E1E8B9481AAB742E00D04E38 /* HelpVC.swift */,
				E15195F71C0BD41A00BD52FB /* HumanWeight.swift */,
				E1F354041C7125FC00D6C581 /* IapHelper.swift */,
				E1DBA6CD1C1F676800DE3E4F /* ImportVC.swift */,
				E1B45F061AE96EFC00AF73AB /* LocationManager.swift */,
				E10B704D1C45C09200C70283 /* LogSortField.swift */,
				E1E8B9491AAB742E00D04E38 /* LogVC.swift */,
				E1C2ED4F1AB63BE200A29728 /* LogCell.swift */,
				E1E8B9271AAB73F000D04E38 /* Main.storyboard */,
				E1C22BCB1AF05DA1003A5712 /* MarqueeLabel.h */,
				E1C22BCA1AF05DA1003A5712 /* MarqueeLabel.m */,
				E1E8B9431AAB742E00D04E38 /* MenuVC.swift */,
				E12E44F11C58BAAB0065AE66 /* Overlay.swift */,
				E1E8B9461AAB742E00D04E38 /* PanSegue.swift */,
				E1D529CC1C1C80A500E92AD8 /* PersistentMapState.swift */,
				E1F354021C7124F500D6C581 /* Products.swift */,
				E1A41B4D1BF7D83100E31943 /* PubNubManager.swift */,
				E1804DB51ABBA0D300625188 /* RunDetailsVC.swift */,
				E11655AB1AEAFB5200633C16 /* RunModel.swift */,
				E185F8521AE1CB19008BF394 /* RunnerIcons.swift */,
				E1E8B94A1AAB742E00D04E38 /* RunVC.swift */,
				E1CBD2D61AC4D616006F0B85 /* SettingsManager.swift */,
				E1E8B94B1AAB742E00D04E38 /* SettingsVC.swift */,
				E1648E0F1C4864E8002A3ED4 /* ShoesBrowserVC.swift */,
				E1648E111C487449002A3ED4 /* ShoesCell.swift */,
				E1648E171C497997002A3ED4 /* ShoesDelegate.swift */,
				E1648E131C4975ED002A3ED4 /* ShoesEditorVC.swift */,
				E13736EF1C4F0F1E008CDE36 /* ShoesSortField.swift */,
				E10B704F1C45C9BF00C70283 /* SortType.swift */,
				E13E30561BFD28F1009CDE60 /* SoundManager.swift */,
				E1E8B94C1AAB742E00D04E38 /* SpectateVC.swift */,
				E10B704B1C4563E600C70283 /* UIAlertController+showMessage.swift */,
				E10B70491C455C4F00C70283 /* UIApplication+topViewController.swift */,
				E13B48B41B911BDA001C997A /* UiConstants.swift */,
				E13B48B61B921A9F001C997A /* UiHelpers.swift */,
				E16F35751B8EBC4100C88426 /* UIViewController+noOp.swift */,
				E11E22BE1C08C71200488399 /* UnitType.swift */,
				E1E8B94D1AAB742E00D04E38 /* UnwindPanSegue.swift */,
				E1E8B9211AAB73F000D04E38 /* Supporting Files */,
			);
			path = RaceRunner;
			sourceTree = "<group>";
		};
		E1E8B9211AAB73F000D04E38 /* Supporting Files */ = {
			isa = PBXGroup;
			children = (
				E159C2591AAB84A7007C6EA1 /* CoreData */,
				E1103F271C00DB1D00E18D2E /* GPX */,
				E1E8B92A1AAB73F000D04E38 /* Images.xcassets */,
				E1E8B9221AAB73F000D04E38 /* Info.plist */,
				E1E8B92C1AAB73F000D04E38 /* LaunchScreen.xib */,
				E1C22BC71AF05D39003A5712 /* RaceRunner-Bridging-Header.h */,
				6BAE29B09F03FADB483809E0 /* SuggestedColors.plist */,
				E1103F261C00DB0D00E18D2E /* Sounds */,
			);
			name = "Supporting Files";
			sourceTree = "<group>";
		};
/* End PBXGroup section */

/* Begin PBXNativeTarget section */
		E1E8B91D1AAB73F000D04E38 /* RaceRunner */ = {
			isa = PBXNativeTarget;
			buildConfigurationList = E1E8B93D1AAB73F000D04E38 /* Build configuration list for PBXNativeTarget "RaceRunner" */;
			buildPhases = (
				EB23060F82A6451B60124C70 /* Check Pods Manifest.lock */,
				E1E8B91A1AAB73F000D04E38 /* Sources */,
				E1E8B91B1AAB73F000D04E38 /* Frameworks */,
				E1E8B91C1AAB73F000D04E38 /* Resources */,
				D715CC45AA7F9A8E201F2287 /* Embed Pods Frameworks */,
				46F956E5D2E09E1DC84A29E7 /* Copy Pods Resources */,
			);
			buildRules = (
			);
			dependencies = (
			);
			name = RaceRunner;
			productName = RaceRunner;
			productReference = E1E8B91E1AAB73F000D04E38 /* RaceRunner.app */;
			productType = "com.apple.product-type.application";
		};
/* End PBXNativeTarget section */

/* Begin PBXProject section */
		E1E8B9161AAB73F000D04E38 /* Project object */ = {
			isa = PBXProject;
			attributes = {
				LastSwiftMigration = 0700;
				LastSwiftUpdateCheck = 0700;
				LastUpgradeCheck = 0700;
				ORGANIZATIONNAME = "Josh Adams";
				TargetAttributes = {
					E1E8B91D1AAB73F000D04E38 = {
						CreatedOnToolsVersion = 6.3;
						DevelopmentTeam = V3L2PL4QC9;
					};
				};
			};
			buildConfigurationList = E1E8B9191AAB73F000D04E38 /* Build configuration list for PBXProject "RaceRunner" */;
			compatibilityVersion = "Xcode 3.2";
			developmentRegion = English;
			hasScannedForEncodings = 0;
			knownRegions = (
				en,
				Base,
			);
			mainGroup = E1E8B9151AAB73F000D04E38;
			productRefGroup = E1E8B91F1AAB73F000D04E38 /* Products */;
			projectDirPath = "";
			projectRoot = "";
			targets = (
				E1E8B91D1AAB73F000D04E38 /* RaceRunner */,
			);
		};
/* End PBXProject section */

/* Begin PBXResourcesBuildPhase section */
		E1E8B91C1AAB73F000D04E38 /* Resources */ = {
			isa = PBXResourcesBuildPhase;
			buildActionMask = 2147483647;
			files = (
				E1E8B9291AAB73F000D04E38 /* Main.storyboard in Resources */,
				E1DBA6D41C1FBA9200DE3E4F /* WeatherRun.gpx in Resources */,
				E10356471C02A1EB006E8FEC /* applause3.mp3 in Resources */,
				E1DBA6D61C1FBCE800DE3E4F /* Digifit.gpx in Resources */,
				E1103F251C00DADF00E18D2E /* applause1.mp3 in Resources */,
				E1DBA6D01C1F8EE900DE3E4F /* iSmoothRun2.gpx in Resources */,
				E138E8CE1BA0A0FB00BA20E5 /* iSmoothRun.gpx in Resources */,
				E1E027831B9A34FE00700DE1 /* Runkeeper.gpx in Resources */,
				E1103F231C00DADF00E18D2E /* click.mp3 in Resources */,
				E1D38F491B9E6AFE00380643 /* Runmeter.gpx in Resources */,
				E12847731C1763320053ED96 /* sadTrombone.mp3 in Resources */,
				E1DBA6DA1C1FC0AB00DE3E4F /* Strava.gpx in Resources */,
				E1E8B92E1AAB73F000D04E38 /* LaunchScreen.xib in Resources */,
				E18C164E1C7697040013690E /* run-9.gpx in Resources */,
				E1103F241C00DADF00E18D2E /* gun.mp3 in Resources */,
				E10356451C02A1CB006E8FEC /* applause2.mp3 in Resources */,
				E1DBA6D81C1FBF0300DE3E4F /* WahooFitness.gpx in Resources */,
				E17B11571C67C97E0027945F /* RaceRunner.gpx in Resources */,
				E1E8B92B1AAB73F000D04E38 /* Images.xcassets in Resources */,
				E1DBA6D21C1FB6C900DE3E4F /* Runtastic.gpx in Resources */,
			);
			runOnlyForDeploymentPostprocessing = 0;
		};
/* End PBXResourcesBuildPhase section */

/* Begin PBXShellScriptBuildPhase section */
		46F956E5D2E09E1DC84A29E7 /* Copy Pods Resources */ = {
			isa = PBXShellScriptBuildPhase;
			buildActionMask = 2147483647;
			files = (
			);
			inputPaths = (
			);
			name = "Copy Pods Resources";
			outputPaths = (
			);
			runOnlyForDeploymentPostprocessing = 0;
			shellPath = /bin/sh;
			shellScript = "\"${SRCROOT}/Pods/Target Support Files/Pods/Pods-resources.sh\"\n";
			showEnvVarsInLog = 0;
		};
		D715CC45AA7F9A8E201F2287 /* Embed Pods Frameworks */ = {
			isa = PBXShellScriptBuildPhase;
			buildActionMask = 2147483647;
			files = (
			);
			inputPaths = (
			);
			name = "Embed Pods Frameworks";
			outputPaths = (
			);
			runOnlyForDeploymentPostprocessing = 0;
			shellPath = /bin/sh;
			shellScript = "\"${SRCROOT}/Pods/Target Support Files/Pods/Pods-frameworks.sh\"\n";
			showEnvVarsInLog = 0;
		};
		EB23060F82A6451B60124C70 /* Check Pods Manifest.lock */ = {
			isa = PBXShellScriptBuildPhase;
			buildActionMask = 2147483647;
			files = (
			);
			inputPaths = (
			);
			name = "Check Pods Manifest.lock";
			outputPaths = (
			);
			runOnlyForDeploymentPostprocessing = 0;
			shellPath = /bin/sh;
			shellScript = "diff \"${PODS_ROOT}/../Podfile.lock\" \"${PODS_ROOT}/Manifest.lock\" > /dev/null\nif [[ $? != 0 ]] ; then\n    cat << EOM\nerror: The sandbox is not in sync with the Podfile.lock. Run 'pod install' or update your CocoaPods installation.\nEOM\n    exit 1\nfi\n";
			showEnvVarsInLog = 0;
		};
/* End PBXShellScriptBuildPhase section */

/* Begin PBXSourcesBuildPhase section */
		E1E8B91A1AAB73F000D04E38 /* Sources */ = {
			isa = PBXSourcesBuildPhase;
			buildActionMask = 2147483647;
			files = (
				E13C763F1C1A01520046021A /* Array+insertionIndexOf.swift in Sources */,
				E13B48B51B911BDA001C997A /* UiConstants.swift in Sources */,
				E15195F81C0BD41A00BD52FB /* HumanWeight.swift in Sources */,
				E1C22BCC1AF05DA1003A5712 /* MarqueeLabel.m in Sources */,
				E13B48B71B921A9F001C997A /* UiHelpers.swift in Sources */,
				E13B39931ABA705E007F61ED /* DarkSky.swift in Sources */,
				E1FCB00E1AB8F43100B1D803 /* Converter.swift in Sources */,
				E1D521681ABA93CD00B46300 /* Location.swift in Sources */,
				E1DA7D6D1B9B8BA2006BC362 /* GpxParser.swift in Sources */,
				E185F8531AE1CB19008BF394 /* RunnerIcons.swift in Sources */,
				E159C2541AAB8304007C6EA1 /* RaceRunner.xcdatamodeld in Sources */,
				E1648E181C497997002A3ED4 /* ShoesDelegate.swift in Sources */,
				E10B70501C45C9BF00C70283 /* SortType.swift in Sources */,
				E1648E121C487449002A3ED4 /* ShoesCell.swift in Sources */,
				E1C2ED501AB63BE200A29728 /* LogCell.swift in Sources */,
				E1E8B9561AAB742E00D04E38 /* SettingsVC.swift in Sources */,
				E11E22BF1C08C71200488399 /* UnitType.swift in Sources */,
				E1A41B4E1BF7D83100E31943 /* PubNubManager.swift in Sources */,
				E10B704A1C455C4F00C70283 /* UIApplication+topViewController.swift in Sources */,
				E11655AC1AEAFB5200633C16 /* RunModel.swift in Sources */,
				E1648E101C4864E8002A3ED4 /* ShoesBrowserVC.swift in Sources */,
				E1E8B9541AAB742E00D04E38 /* LogVC.swift in Sources */,
				E1D529CD1C1C80A500E92AD8 /* PersistentMapState.swift in Sources */,
				E12E44F01C572F340065AE66 /* GraphVC.swift in Sources */,
				E1648E141C4975ED002A3ED4 /* ShoesEditorVC.swift in Sources */,
				E1F3FC2F1C6106F7001B2DE7 /* GraphView.swift in Sources */,
				E1E8B9531AAB742E00D04E38 /* HelpVC.swift in Sources */,
				E1E8B9511AAB742E00D04E38 /* PanSegue.swift in Sources */,
				E16F35761B8EBC4100C88426 /* UIViewController+noOp.swift in Sources */,
				E12E44F21C58BAAB0065AE66 /* Overlay.swift in Sources */,
				E1804DB61ABBA0D300625188 /* RunDetailsVC.swift in Sources */,
				E1E8B9551AAB742E00D04E38 /* RunVC.swift in Sources */,
				E1648E0A1C4861EA002A3ED4 /* Run+CoreDataProperties.swift in Sources */,
				E13E30571BFD28F1009CDE60 /* SoundManager.swift in Sources */,
				E10B704C1C4563E600C70283 /* UIAlertController+showMessage.swift in Sources */,
				E1DBA6CE1C1F676800DE3E4F /* ImportVC.swift in Sources */,
				E11E22C31C08CDC000488399 /* Config.swift in Sources */,
				E1E8B9521AAB742E00D04E38 /* ChildVC.swift in Sources */,
				E1E8B9501AAB742E00D04E38 /* CDManager.swift in Sources */,
				E1E8B9241AAB73F000D04E38 /* AppDelegate.swift in Sources */,
				E13736F01C4F0F1E008CDE36 /* ShoesSortField.swift in Sources */,
				E10B704E1C45C09200C70283 /* LogSortField.swift in Sources */,
				E1648E0E1C486421002A3ED4 /* Shoes.swift in Sources */,
				E15681F91C52F007008E077C /* GpxExporter.swift in Sources */,
				E1E8B9581AAB742E00D04E38 /* UnwindPanSegue.swift in Sources */,
				E1F354031C7124F500D6C581 /* Products.swift in Sources */,
				E1E8B9571AAB742E00D04E38 /* SpectateVC.swift in Sources */,
				E1D521691ABA93CD00B46300 /* Run.swift in Sources */,
				E1E7F7D61C03F8E500F108B6 /* Double+roundToPlaces.swift in Sources */,
				E1B45F071AE96EFC00AF73AB /* LocationManager.swift in Sources */,
				E11E22C11C08C76E00488399 /* Accent.swift in Sources */,
				E1CBD2D71AC4D616006F0B85 /* SettingsManager.swift in Sources */,
				E1E8B94E1AAB742E00D04E38 /* MenuVC.swift in Sources */,
				E18B6C811C0D1AEC005865BA /* GpxActivityItemProvider.swift in Sources */,
				E1648E0C1C4863E3002A3ED4 /* Shoes+CoreDataProperties.swift in Sources */,
				E1F354051C7125FC00D6C581 /* IapHelper.swift in Sources */,
				E14360C31AE4AAA4003F27B4 /* GpxLocationManager.swift in Sources */,
			);
			runOnlyForDeploymentPostprocessing = 0;
		};
/* End PBXSourcesBuildPhase section */

/* Begin PBXVariantGroup section */
		E1E8B9271AAB73F000D04E38 /* Main.storyboard */ = {
			isa = PBXVariantGroup;
			children = (
				E1E8B9281AAB73F000D04E38 /* Base */,
			);
			name = Main.storyboard;
			sourceTree = "<group>";
		};
		E1E8B92C1AAB73F000D04E38 /* LaunchScreen.xib */ = {
			isa = PBXVariantGroup;
			children = (
				E1E8B92D1AAB73F000D04E38 /* Base */,
			);
			name = LaunchScreen.xib;
			sourceTree = "<group>";
		};
/* End PBXVariantGroup section */

/* Begin XCBuildConfiguration section */
		E1E8B93B1AAB73F000D04E38 /* Debug */ = {
			isa = XCBuildConfiguration;
			buildSettings = {
				ALWAYS_SEARCH_USER_PATHS = NO;
				CLANG_CXX_LANGUAGE_STANDARD = "gnu++0x";
				CLANG_CXX_LIBRARY = "libc++";
				CLANG_ENABLE_MODULES = YES;
				CLANG_ENABLE_OBJC_ARC = YES;
				CLANG_WARN_BOOL_CONVERSION = YES;
				CLANG_WARN_CONSTANT_CONVERSION = YES;
				CLANG_WARN_DIRECT_OBJC_ISA_USAGE = YES_ERROR;
				CLANG_WARN_EMPTY_BODY = YES;
				CLANG_WARN_ENUM_CONVERSION = YES;
				CLANG_WARN_INT_CONVERSION = YES;
				CLANG_WARN_OBJC_ROOT_CLASS = YES_ERROR;
				CLANG_WARN_UNREACHABLE_CODE = YES;
				CLANG_WARN__DUPLICATE_METHOD_MATCH = YES;
				"CODE_SIGN_IDENTITY[sdk=iphoneos*]" = "iPhone Developer";
				COPY_PHASE_STRIP = NO;
				DEBUG_INFORMATION_FORMAT = dwarf;
				ENABLE_STRICT_OBJC_MSGSEND = YES;
				ENABLE_TESTABILITY = YES;
				GCC_C_LANGUAGE_STANDARD = gnu99;
				GCC_DYNAMIC_NO_PIC = NO;
				GCC_NO_COMMON_BLOCKS = YES;
				GCC_OPTIMIZATION_LEVEL = 0;
				GCC_PREPROCESSOR_DEFINITIONS = (
					"DEBUG=1",
					"$(inherited)",
				);
				GCC_SYMBOLS_PRIVATE_EXTERN = NO;
				GCC_WARN_64_TO_32_BIT_CONVERSION = YES;
				GCC_WARN_ABOUT_RETURN_TYPE = YES_ERROR;
				GCC_WARN_UNDECLARED_SELECTOR = YES;
				GCC_WARN_UNINITIALIZED_AUTOS = YES_AGGRESSIVE;
				GCC_WARN_UNUSED_FUNCTION = YES;
				GCC_WARN_UNUSED_VARIABLE = YES;
				IPHONEOS_DEPLOYMENT_TARGET = 8.1;
				MTL_ENABLE_DEBUG_INFO = YES;
				ONLY_ACTIVE_ARCH = YES;
				SDKROOT = iphoneos;
				SWIFT_OPTIMIZATION_LEVEL = "-Onone";
			};
			name = Debug;
		};
		E1E8B93C1AAB73F000D04E38 /* Release */ = {
			isa = XCBuildConfiguration;
			buildSettings = {
				ALWAYS_SEARCH_USER_PATHS = NO;
				CLANG_CXX_LANGUAGE_STANDARD = "gnu++0x";
				CLANG_CXX_LIBRARY = "libc++";
				CLANG_ENABLE_MODULES = YES;
				CLANG_ENABLE_OBJC_ARC = YES;
				CLANG_WARN_BOOL_CONVERSION = YES;
				CLANG_WARN_CONSTANT_CONVERSION = YES;
				CLANG_WARN_DIRECT_OBJC_ISA_USAGE = YES_ERROR;
				CLANG_WARN_EMPTY_BODY = YES;
				CLANG_WARN_ENUM_CONVERSION = YES;
				CLANG_WARN_INT_CONVERSION = YES;
				CLANG_WARN_OBJC_ROOT_CLASS = YES_ERROR;
				CLANG_WARN_UNREACHABLE_CODE = YES;
				CLANG_WARN__DUPLICATE_METHOD_MATCH = YES;
				"CODE_SIGN_IDENTITY[sdk=iphoneos*]" = "iPhone Developer";
				COPY_PHASE_STRIP = NO;
				DEBUG_INFORMATION_FORMAT = "dwarf-with-dsym";
				ENABLE_NS_ASSERTIONS = NO;
				ENABLE_STRICT_OBJC_MSGSEND = YES;
				GCC_C_LANGUAGE_STANDARD = gnu99;
				GCC_NO_COMMON_BLOCKS = YES;
				GCC_WARN_64_TO_32_BIT_CONVERSION = YES;
				GCC_WARN_ABOUT_RETURN_TYPE = YES_ERROR;
				GCC_WARN_UNDECLARED_SELECTOR = YES;
				GCC_WARN_UNINITIALIZED_AUTOS = YES_AGGRESSIVE;
				GCC_WARN_UNUSED_FUNCTION = YES;
				GCC_WARN_UNUSED_VARIABLE = YES;
				IPHONEOS_DEPLOYMENT_TARGET = 8.1;
				MTL_ENABLE_DEBUG_INFO = NO;
				SDKROOT = iphoneos;
				VALIDATE_PRODUCT = YES;
			};
			name = Release;
		};
		E1E8B93E1AAB73F000D04E38 /* Debug */ = {
			isa = XCBuildConfiguration;
			baseConfigurationReference = B007871155F27C6F21413ECF /* Pods.debug.xcconfig */;
			buildSettings = {
				ASSETCATALOG_COMPILER_APPICON_NAME = AppIcon;
				CLANG_ENABLE_MODULES = YES;
				CODE_SIGN_IDENTITY = "iPhone Developer";
				"CODE_SIGN_IDENTITY[sdk=iphoneos*]" = "iPhone Developer";
				ENABLE_BITCODE = NO;
				INFOPLIST_FILE = RaceRunner/Info.plist;
				LD_RUNPATH_SEARCH_PATHS = "$(inherited) @executable_path/Frameworks";
				PRODUCT_BUNDLE_IDENTIFIER = "biz.joshadams.$(PRODUCT_NAME:rfc1034identifier)";
				PRODUCT_NAME = "$(TARGET_NAME)";
				PROVISIONING_PROFILE = "";
				SWIFT_OBJC_BRIDGING_HEADER = "RaceRunner/RaceRunner-Bridging-Header.h";
				SWIFT_OPTIMIZATION_LEVEL = "-Onone";
				TARGETED_DEVICE_FAMILY = "1,2";
			};
			name = Debug;
		};
		E1E8B93F1AAB73F000D04E38 /* Release */ = {
			isa = XCBuildConfiguration;
			baseConfigurationReference = 1E75B6B8819120E7009CF8E0 /* Pods.release.xcconfig */;
			buildSettings = {
				ASSETCATALOG_COMPILER_APPICON_NAME = AppIcon;
				CLANG_ENABLE_MODULES = YES;
				CODE_SIGN_IDENTITY = "iPhone Developer";
				"CODE_SIGN_IDENTITY[sdk=iphoneos*]" = "iPhone Developer";
				ENABLE_BITCODE = NO;
				INFOPLIST_FILE = RaceRunner/Info.plist;
				LD_RUNPATH_SEARCH_PATHS = "$(inherited) @executable_path/Frameworks";
				PRODUCT_BUNDLE_IDENTIFIER = "biz.joshadams.$(PRODUCT_NAME:rfc1034identifier)";
				PRODUCT_NAME = "$(TARGET_NAME)";
				PROVISIONING_PROFILE = "";
				SWIFT_OBJC_BRIDGING_HEADER = "RaceRunner/RaceRunner-Bridging-Header.h";
				TARGETED_DEVICE_FAMILY = "1,2";
			};
			name = Release;
		};
/* End XCBuildConfiguration section */

/* Begin XCConfigurationList section */
		E1E8B9191AAB73F000D04E38 /* Build configuration list for PBXProject "RaceRunner" */ = {
			isa = XCConfigurationList;
			buildConfigurations = (
				E1E8B93B1AAB73F000D04E38 /* Debug */,
				E1E8B93C1AAB73F000D04E38 /* Release */,
			);
			defaultConfigurationIsVisible = 0;
			defaultConfigurationName = Release;
		};
		E1E8B93D1AAB73F000D04E38 /* Build configuration list for PBXNativeTarget "RaceRunner" */ = {
			isa = XCConfigurationList;
			buildConfigurations = (
				E1E8B93E1AAB73F000D04E38 /* Debug */,
				E1E8B93F1AAB73F000D04E38 /* Release */,
			);
			defaultConfigurationIsVisible = 0;
			defaultConfigurationName = Release;
		};
/* End XCConfigurationList section */

/* Begin XCVersionGroup section */
		E159C2521AAB8304007C6EA1 /* RaceRunner.xcdatamodeld */ = {
			isa = XCVersionGroup;
			children = (
				E159C2531AAB8304007C6EA1 /* RaceRunner.xcdatamodel */,
			);
			currentVersion = E159C2531AAB8304007C6EA1 /* RaceRunner.xcdatamodel */;
			path = RaceRunner.xcdatamodeld;
			sourceTree = "<group>";
			versionGroupType = wrapper.xcdatamodel;
		};
/* End XCVersionGroup section */
	};
	rootObject = E1E8B9161AAB73F000D04E38 /* Project object */;
}
